
Microsoft Visual Studio Solution File, Format Version 12.00
# Visual Studio Version 16
VisualStudioVersion = 16.0.30804.86
MinimumVisualStudioVersion = 15.0.26124.0
Project("{9A19103F-16F7-4668-BE54-9A1E7A4F7556}") = "10-Core", "10-Core\10-Core.csproj", "{55C0A581-B93A-47B5-918C-625AD6BF42C2}"
EndProject
Project("{9A19103F-16F7-4668-BE54-9A1E7A4F7556}") = "20-Commands", "20-Commands\20-Commands.csproj", "{D8A0860B-5C8E-4C47-A2DC-EB4477565E1B}"
EndProject
Project("{9A19103F-16F7-4668-BE54-9A1E7A4F7556}") = "20-Services.Output", "20-Services.Output\20-Services.Output.csproj", "{31BFDF08-5436-4DF6-A442-0E95E5D313CE}"
EndProject
Project("{9A19103F-16F7-4668-BE54-9A1E7A4F7556}") = "30-ConsoleApp", "30-ConsoleApp\30-ConsoleApp.csproj", "{41398096-33DF-443D-8D04-406C8935140D}"
EndProject
Project("{9A19103F-16F7-4668-BE54-9A1E7A4F7556}") = "40-Tests.ConsoleApp", "40-ConsoleApp.Tests\40-Tests.ConsoleApp.csproj", "{D76A1A10-F48C-4A63-BD1E-694D31B5D053}"
EndProject
Project("{9A19103F-16F7-4668-BE54-9A1E7A4F7556}") = "20-Services.Merging", "20-Services.Merging\20-Services.Merging.csproj", "{DFDF2182-4ACA-4444-AEC0-0BA428824645}"
EndProject
Project("{9A19103F-16F7-4668-BE54-9A1E7A4F7556}") = "20-Services.Parsing", "20-Services.Parsing\20-Services.Parsing.csproj", "{F2FD15D3-2077-4F86-920C-E22C6BCCCBF6}"
EndProject
Project("{FAE04EC0-301F-11D3-BF4B-00C04F79EFBC}") = "40-Tests.Services.Merging", "40-Tests.Services.Merging\40-Tests.Services.Merging.csproj", "{817F81F8-3C81-4D16-875F-AAC0A9F60F7F}"
EndProject
Global
	GlobalSection(SolutionConfigurationPlatforms) = preSolution
		Debug|Any CPU = Debug|Any CPU
		Debug|x64 = Debug|x64
		Debug|x86 = Debug|x86
		Release|Any CPU = Release|Any CPU
		Release|x64 = Release|x64
		Release|x86 = Release|x86
	EndGlobalSection
	GlobalSection(ProjectConfigurationPlatforms) = postSolution
		{55C0A581-B93A-47B5-918C-625AD6BF42C2}.Debug|Any CPU.ActiveCfg = Debug|Any CPU
		{55C0A581-B93A-47B5-918C-625AD6BF42C2}.Debug|Any CPU.Build.0 = Debug|Any CPU
		{55C0A581-B93A-47B5-918C-625AD6BF42C2}.Debug|x64.ActiveCfg = Debug|Any CPU
		{55C0A581-B93A-47B5-918C-625AD6BF42C2}.Debug|x64.Build.0 = Debug|Any CPU
		{55C0A581-B93A-47B5-918C-625AD6BF42C2}.Debug|x86.ActiveCfg = Debug|Any CPU
		{55C0A581-B93A-47B5-918C-625AD6BF42C2}.Debug|x86.Build.0 = Debug|Any CPU
		{55C0A581-B93A-47B5-918C-625AD6BF42C2}.Release|Any CPU.ActiveCfg = Release|Any CPU
		{55C0A581-B93A-47B5-918C-625AD6BF42C2}.Release|Any CPU.Build.0 = Release|Any CPU
		{55C0A581-B93A-47B5-918C-625AD6BF42C2}.Release|x64.ActiveCfg = Release|Any CPU
		{55C0A581-B93A-47B5-918C-625AD6BF42C2}.Release|x64.Build.0 = Release|Any CPU
		{55C0A581-B93A-47B5-918C-625AD6BF42C2}.Release|x86.ActiveCfg = Release|Any CPU
		{55C0A581-B93A-47B5-918C-625AD6BF42C2}.Release|x86.Build.0 = Release|Any CPU
		{D8A0860B-5C8E-4C47-A2DC-EB4477565E1B}.Debug|Any CPU.ActiveCfg = Debug|Any CPU
		{D8A0860B-5C8E-4C47-A2DC-EB4477565E1B}.Debug|Any CPU.Build.0 = Debug|Any CPU
		{D8A0860B-5C8E-4C47-A2DC-EB4477565E1B}.Debug|x64.ActiveCfg = Debug|Any CPU
		{D8A0860B-5C8E-4C47-A2DC-EB4477565E1B}.Debug|x64.Build.0 = Debug|Any CPU
		{D8A0860B-5C8E-4C47-A2DC-EB4477565E1B}.Debug|x86.ActiveCfg = Debug|Any CPU
		{D8A0860B-5C8E-4C47-A2DC-EB4477565E1B}.Debug|x86.Build.0 = Debug|Any CPU
		{D8A0860B-5C8E-4C47-A2DC-EB4477565E1B}.Release|Any CPU.ActiveCfg = Release|Any CPU
		{D8A0860B-5C8E-4C47-A2DC-EB4477565E1B}.Release|Any CPU.Build.0 = Release|Any CPU
		{D8A0860B-5C8E-4C47-A2DC-EB4477565E1B}.Release|x64.ActiveCfg = Release|Any CPU
		{D8A0860B-5C8E-4C47-A2DC-EB4477565E1B}.Release|x64.Build.0 = Release|Any CPU
		{D8A0860B-5C8E-4C47-A2DC-EB4477565E1B}.Release|x86.ActiveCfg = Release|Any CPU
		{D8A0860B-5C8E-4C47-A2DC-EB4477565E1B}.Release|x86.Build.0 = Release|Any CPU
		{31BFDF08-5436-4DF6-A442-0E95E5D313CE}.Debug|Any CPU.ActiveCfg = Debug|Any CPU
		{31BFDF08-5436-4DF6-A442-0E95E5D313CE}.Debug|Any CPU.Build.0 = Debug|Any CPU
		{31BFDF08-5436-4DF6-A442-0E95E5D313CE}.Debug|x64.ActiveCfg = Debug|Any CPU
		{31BFDF08-5436-4DF6-A442-0E95E5D313CE}.Debug|x64.Build.0 = Debug|Any CPU
		{31BFDF08-5436-4DF6-A442-0E95E5D313CE}.Debug|x86.ActiveCfg = Debug|Any CPU
		{31BFDF08-5436-4DF6-A442-0E95E5D313CE}.Debug|x86.Build.0 = Debug|Any CPU
		{31BFDF08-5436-4DF6-A442-0E95E5D313CE}.Release|Any CPU.ActiveCfg = Release|Any CPU
		{31BFDF08-5436-4DF6-A442-0E95E5D313CE}.Release|Any CPU.Build.0 = Release|Any CPU
		{31BFDF08-5436-4DF6-A442-0E95E5D313CE}.Release|x64.ActiveCfg = Release|Any CPU
		{31BFDF08-5436-4DF6-A442-0E95E5D313CE}.Release|x64.Build.0 = Release|Any CPU
		{31BFDF08-5436-4DF6-A442-0E95E5D313CE}.Release|x86.ActiveCfg = Release|Any CPU
		{31BFDF08-5436-4DF6-A442-0E95E5D313CE}.Release|x86.Build.0 = Release|Any CPU
		{41398096-33DF-443D-8D04-406C8935140D}.Debug|Any CPU.ActiveCfg = Debug|Any CPU
		{41398096-33DF-443D-8D04-406C8935140D}.Debug|Any CPU.Build.0 = Debug|Any CPU
		{41398096-33DF-443D-8D04-406C8935140D}.Debug|x64.ActiveCfg = Debug|Any CPU
		{41398096-33DF-443D-8D04-406C8935140D}.Debug|x64.Build.0 = Debug|Any CPU
		{41398096-33DF-443D-8D04-406C8935140D}.Debug|x86.ActiveCfg = Debug|Any CPU
		{41398096-33DF-443D-8D04-406C8935140D}.Debug|x86.Build.0 = Debug|Any CPU
		{41398096-33DF-443D-8D04-406C8935140D}.Release|Any CPU.ActiveCfg = Release|Any CPU
		{41398096-33DF-443D-8D04-406C8935140D}.Release|Any CPU.Build.0 = Release|Any CPU
		{41398096-33DF-443D-8D04-406C8935140D}.Release|x64.ActiveCfg = Release|Any CPU
		{41398096-33DF-443D-8D04-406C8935140D}.Release|x64.Build.0 = Release|Any CPU
		{41398096-33DF-443D-8D04-406C8935140D}.Release|x86.ActiveCfg = Release|Any CPU
		{41398096-33DF-443D-8D04-406C8935140D}.Release|x86.Build.0 = Release|Any CPU
		{D76A1A10-F48C-4A63-BD1E-694D31B5D053}.Debug|Any CPU.ActiveCfg = Debug|Any CPU
		{D76A1A10-F48C-4A63-BD1E-694D31B5D053}.Debug|Any CPU.Build.0 = Debug|Any CPU
		{D76A1A10-F48C-4A63-BD1E-694D31B5D053}.Debug|x64.ActiveCfg = Debug|Any CPU
		{D76A1A10-F48C-4A63-BD1E-694D31B5D053}.Debug|x64.Build.0 = Debug|Any CPU
		{D76A1A10-F48C-4A63-BD1E-694D31B5D053}.Debug|x86.ActiveCfg = Debug|Any CPU
		{D76A1A10-F48C-4A63-BD1E-694D31B5D053}.Debug|x86.Build.0 = Debug|Any CPU
		{D76A1A10-F48C-4A63-BD1E-694D31B5D053}.Release|Any CPU.ActiveCfg = Release|Any CPU
		{D76A1A10-F48C-4A63-BD1E-694D31B5D053}.Release|Any CPU.Build.0 = Release|Any CPU
		{D76A1A10-F48C-4A63-BD1E-694D31B5D053}.Release|x64.ActiveCfg = Release|Any CPU
		{D76A1A10-F48C-4A63-BD1E-694D31B5D053}.Release|x64.Build.0 = Release|Any CPU
		{D76A1A10-F48C-4A63-BD1E-694D31B5D053}.Release|x86.ActiveCfg = Release|Any CPU
		{D76A1A10-F48C-4A63-BD1E-694D31B5D053}.Release|x86.Build.0 = Release|Any CPU
		{DFDF2182-4ACA-4444-AEC0-0BA428824645}.Debug|Any CPU.ActiveCfg = Debug|Any CPU
		{DFDF2182-4ACA-4444-AEC0-0BA428824645}.Debug|Any CPU.Build.0 = Debug|Any CPU
		{DFDF2182-4ACA-4444-AEC0-0BA428824645}.Debug|x64.ActiveCfg = Debug|Any CPU
		{DFDF2182-4ACA-4444-AEC0-0BA428824645}.Debug|x64.Build.0 = Debug|Any CPU
		{DFDF2182-4ACA-4444-AEC0-0BA428824645}.Debug|x86.ActiveCfg = Debug|Any CPU
		{DFDF2182-4ACA-4444-AEC0-0BA428824645}.Debug|x86.Build.0 = Debug|Any CPU
		{DFDF2182-4ACA-4444-AEC0-0BA428824645}.Release|Any CPU.ActiveCfg = Release|Any CPU
		{DFDF2182-4ACA-4444-AEC0-0BA428824645}.Release|Any CPU.Build.0 = Release|Any CPU
		{DFDF2182-4ACA-4444-AEC0-0BA428824645}.Release|x64.ActiveCfg = Release|Any CPU
		{DFDF2182-4ACA-4444-AEC0-0BA428824645}.Release|x64.Build.0 = Release|Any CPU
		{DFDF2182-4ACA-4444-AEC0-0BA428824645}.Release|x86.ActiveCfg = Release|Any CPU
		{DFDF2182-4ACA-4444-AEC0-0BA428824645}.Release|x86.Build.0 = Release|Any CPU
		{F2FD15D3-2077-4F86-920C-E22C6BCCCBF6}.Debug|Any CPU.ActiveCfg = Debug|Any CPU
		{F2FD15D3-2077-4F86-920C-E22C6BCCCBF6}.Debug|Any CPU.Build.0 = Debug|Any CPU
		{F2FD15D3-2077-4F86-920C-E22C6BCCCBF6}.Debug|x64.ActiveCfg = Debug|Any CPU
		{F2FD15D3-2077-4F86-920C-E22C6BCCCBF6}.Debug|x64.Build.0 = Debug|Any CPU
		{F2FD15D3-2077-4F86-920C-E22C6BCCCBF6}.Debug|x86.ActiveCfg = Debug|Any CPU
		{F2FD15D3-2077-4F86-920C-E22C6BCCCBF6}.Debug|x86.Build.0 = Debug|Any CPU
		{F2FD15D3-2077-4F86-920C-E22C6BCCCBF6}.Release|Any CPU.ActiveCfg = Release|Any CPU
		{F2FD15D3-2077-4F86-920C-E22C6BCCCBF6}.Release|Any CPU.Build.0 = Release|Any CPU
		{F2FD15D3-2077-4F86-920C-E22C6BCCCBF6}.Release|x64.ActiveCfg = Release|Any CPU
		{F2FD15D3-2077-4F86-920C-E22C6BCCCBF6}.Release|x64.Build.0 = Release|Any CPU
		{F2FD15D3-2077-4F86-920C-E22C6BCCCBF6}.Release|x86.ActiveCfg = Release|Any CPU
		{F2FD15D3-2077-4F86-920C-E22C6BCCCBF6}.Release|x86.Build.0 = Release|Any CPU
		{817F81F8-3C81-4D16-875F-AAC0A9F60F7F}.Debug|Any CPU.ActiveCfg = Debug|Any CPU
		{817F81F8-3C81-4D16-875F-AAC0A9F60F7F}.Debug|Any CPU.Build.0 = Debug|Any CPU
		{817F81F8-3C81-4D16-875F-AAC0A9F60F7F}.Debug|x64.ActiveCfg = Debug|Any CPU
		{817F81F8-3C81-4D16-875F-AAC0A9F60F7F}.Debug|x64.Build.0 = Debug|Any CPU
		{817F81F8-3C81-4D16-875F-AAC0A9F60F7F}.Debug|x86.ActiveCfg = Debug|Any CPU
		{817F81F8-3C81-4D16-875F-AAC0A9F60F7F}.Debug|x86.Build.0 = Debug|Any CPU
		{817F81F8-3C81-4D16-875F-AAC0A9F60F7F}.Release|Any CPU.ActiveCfg = Release|Any CPU
		{817F81F8-3C81-4D16-875F-AAC0A9F60F7F}.Release|Any CPU.Build.0 = Release|Any CPU
		{817F81F8-3C81-4D16-875F-AAC0A9F60F7F}.Release|x64.ActiveCfg = Release|Any CPU
		{817F81F8-3C81-4D16-875F-AAC0A9F60F7F}.Release|x64.Build.0 = Release|Any CPU
		{817F81F8-3C81-4D16-875F-AAC0A9F60F7F}.Release|x86.ActiveCfg = Release|Any CPU
		{817F81F8-3C81-4D16-875F-AAC0A9F60F7F}.Release|x86.Build.0 = Release|Any CPU
	EndGlobalSection
	GlobalSection(SolutionProperties) = preSolution
		HideSolutionNode = FALSE
	EndGlobalSection
	GlobalSection(ExtensibilityGlobals) = postSolution
		SolutionGuid = {572EFA4D-84E3-4DCF-B3EC-F521B1FA7EAA}
	EndGlobalSection
EndGlobal
